{
  "name": "functions",
  "version": "1.0.0",
  "lockfileVersion": 2,
  "requires": true,
  "packages": {
    "": {
      "name": "functions",
      "version": "1.0.0",
      "license": "ISC",
      "dependencies": {
        "@resaleai/rc-xml": "file:../../packages/rc-xml",
        "@resaleai/receipt-components": "file:../../packages/receipt-components",
        "@resaleai/receipt-html-renderer": "file:../../packages/renderers/receipt-html-renderer",
        "@resaleai/receipt-image-node": "file:../../packages/nodes/receipt-image-node",
        "@resaleai/receipt-layout": "file:../../packages/nodes/receipt-layout",
        "@resaleai/receipt-plugin": "file:../../packages/receipt-plugin"
      },
      "devDependencies": {
        "@types/node": "^20.4.5"
      }
    },
    "../../packages/nodes/receipt-image-node": {
      "version": "1.1.2",
      "dependencies": {
        "@resaleai/receipt-components": "workspace:*",
        "canvas": "^2.11.2"
      },
      "devDependencies": {
        "@types/node": "^20.10.5",
        "tsup": "^7.2.0",
        "typescript": "^5.3.3",
        "vitest": "^0.33.0"
      }
    },
    "../../packages/nodes/receipt-layout": {},
    "../../packages/rc-xml": {
      "version": "1.0.0",
      "dependencies": {
        "@resaleai/receipt-components": "workspace:*",
        "domelementtype": "^2.3.0",
        "domhandler": "^5.0.3",
        "htmlparser2": "^9.0.0"
      },
      "devDependencies": {
        "@types/node": "^20.10.5",
        "@vitest/coverage-v8": "^0.34.6",
        "tsup": "^7.2.0",
        "typescript": "^5.3.3",
        "vitest": "^0.33.0"
      }
    },
    "../../packages/receipt-components": {
      "version": "3.3.3",
      "devDependencies": {
        "@types/node": "^20.10.5",
        "@vitest/coverage-v8": "^0.34.6",
        "tsup": "^7.2.0",
        "typescript": "^5.3.3",
        "vite": "^4.5.1",
        "vite-plugin-dts": "^1.7.3",
        "vitest": "^0.33.0"
      }
    },
    "../../packages/receipt-plugin": {},
    "../../packages/renderers/receipt-html-renderer": {
      "version": "1.1.1",
      "dependencies": {
        "@resaleai/receipt-components": "workspace:*"
      },
      "devDependencies": {
        "@types/node": "^20.10.5",
        "tsup": "^7.2.0",
        "typescript": "^5.3.3",
        "vitest": "^0.33.0"
      }
    },
    "node_modules/@resaleai/rc-xml": {
      "resolved": "../../packages/rc-xml",
      "link": true
    },
    "node_modules/@resaleai/receipt-components": {
      "resolved": "../../packages/receipt-components",
      "link": true
    },
    "node_modules/@resaleai/receipt-html-renderer": {
      "resolved": "../../packages/renderers/receipt-html-renderer",
      "link": true
    },
    "node_modules/@resaleai/receipt-image-node": {
      "resolved": "../../packages/nodes/receipt-image-node",
      "link": true
    },
    "node_modules/@resaleai/receipt-layout": {
      "resolved": "../../packages/nodes/receipt-layout",
      "link": true
    },
    "node_modules/@resaleai/receipt-plugin": {
      "resolved": "../../packages/receipt-plugin",
      "link": true
    },
    "node_modules/@types/node": {
      "version": "20.10.6",
      "resolved": "https://registry.npmjs.org/@types/node/-/node-20.10.6.tgz",
      "integrity": "sha512-Vac8H+NlRNNlAmDfGUP7b5h/KA+AtWIzuXy0E6OyP8f1tCLYAtPvKRRDJjAPqhpCb0t6U2j7/xqAuLEebW2kiw==",
      "dev": true,
      "dependencies": {
        "undici-types": "~5.26.4"
      }
    },
    "node_modules/undici-types": {
      "version": "5.26.5",
      "resolved": "https://registry.npmjs.org/undici-types/-/undici-types-5.26.5.tgz",
      "integrity": "sha512-JlCMO+ehdEIKqlFxk6IfVoAUVmgz7cU7zD/h9XZ0qzeosSHmUJVOzSQvvYSYWXkFXC+IfLKSIffhv0sVZup6pA==",
      "dev": true
    }
  },
  "dependencies": {
    "@resaleai/rc-xml": {
      "version": "file:../../packages/rc-xml",
      "requires": {
        "@resaleai/receipt-components": "workspace:*",
        "@types/node": "^20.10.5",
        "@vitest/coverage-v8": "^0.34.6",
        "domelementtype": "^2.3.0",
        "domhandler": "^5.0.3",
        "htmlparser2": "^9.0.0",
        "tsup": "^7.2.0",
        "typescript": "^5.3.3",
        "vitest": "^0.33.0"
      }
    },
    "@resaleai/receipt-components": {
      "version": "file:../../packages/receipt-components",
      "requires": {
        "@types/node": "^20.10.5",
        "@vitest/coverage-v8": "^0.34.6",
        "tsup": "^7.2.0",
        "typescript": "^5.3.3",
        "vite": "^4.5.1",
        "vite-plugin-dts": "^1.7.3",
        "vitest": "^0.33.0"
      }
    },
    "@resaleai/receipt-html-renderer": {
      "version": "file:../../packages/renderers/receipt-html-renderer",
      "requires": {
        "@resaleai/receipt-components": "workspace:*",
        "@types/node": "^20.10.5",
        "tsup": "^7.2.0",
        "typescript": "^5.3.3",
        "vitest": "^0.33.0"
      }
    },
    "@resaleai/receipt-image-node": {
      "version": "file:../../packages/nodes/receipt-image-node",
      "requires": {
        "@resaleai/receipt-components": "workspace:*",
        "@types/node": "^20.10.5",
        "canvas": "^2.11.2",
        "tsup": "^7.2.0",
        "typescript": "^5.3.3",
        "vitest": "^0.33.0"
      }
    },
    "@resaleai/receipt-layout": {
      "version": "file:../../packages/nodes/receipt-layout"
    },
    "@resaleai/receipt-plugin": {
      "version": "file:../../packages/receipt-plugin"
    },
    "@types/node": {
      "version": "20.10.6",
      "resolved": "https://registry.npmjs.org/@types/node/-/node-20.10.6.tgz",
      "integrity": "sha512-Vac8H+NlRNNlAmDfGUP7b5h/KA+AtWIzuXy0E6OyP8f1tCLYAtPvKRRDJjAPqhpCb0t6U2j7/xqAuLEebW2kiw==",
      "dev": true,
      "requires": {
        "undici-types": "~5.26.4"
      }
    },
    "undici-types": {
      "version": "5.26.5",
      "resolved": "https://registry.npmjs.org/undici-types/-/undici-types-5.26.5.tgz",
      "integrity": "sha512-JlCMO+ehdEIKqlFxk6IfVoAUVmgz7cU7zD/h9XZ0qzeosSHmUJVOzSQvvYSYWXkFXC+IfLKSIffhv0sVZup6pA==",
      "dev": true
    }
  }
}
