{
  "name": "functions",
  "version": "1.0.0",
  "lockfileVersion": 2,
  "requires": true,
  "packages": {
    "": {
      "name": "functions",
      "version": "1.0.0",
      "license": "ISC",
      "dependencies": {
        "@resaleai/receipt-components": "file:../../packages/receipt-components",
        "@resaleai/receipt-html-renderer": "file:../../packages/renderers/receipt-html-renderer",
        "@resaleai/receipt-image-node": "file:../../packages/nodes/receipt-image-node",
        "@resaleai/receipt-plugin": "file:../../packages/receipt-plugin"
      },
      "devDependencies": {
        "@types/node": "^20.4.5"
      }
    },
    "../..": {
      "name": "@resaleai/receipt-components",
      "version": "2.0.3",
      "dependencies": {
        "canvas": "^2.11.2",
        "htmlparser2": "^9.0.0"
      },
      "devDependencies": {
        "@types/node": "^20.2.3",
        "typescript": "^5.0.2",
        "vite": "^4.3.2",
        "vite-plugin-dts": "^1.0.5",
        "vitest": "^0.33.0"
      }
    },
    "../../dist": {
      "extraneous": true
    },
    "../../packages/nodes/receipt-image-node": {
      "name": "@resaleai/receipt-components",
      "version": "2.0.3",
      "dependencies": {
        "@resaleai/receipt-escpos-renderer": "file:../../renderers/receipt-escpos-renderer",
        "@resaleai/receipt-plugin": "file:../../receipt-plugin",
        "canvas": "^2.11.2"
      },
      "devDependencies": {
        "@types/node": "^20.2.3",
        "tsup": "^7.1.0",
        "typescript": "^5.0.2",
        "vitest": "^0.33.0"
      }
    },
    "../../packages/receipt-components": {
      "name": "@resaleai/receipt-components",
      "version": "3.1.0",
      "dependencies": {
        "@resaleai/receipt-ast": "file:../receipt-ast",
        "@resaleai/receipt-escpos-renderer": "file:../renderers/receipt-escpos-renderer",
        "@resaleai/receipt-plugin": "file:../receipt-plugin"
      },
      "devDependencies": {
        "@types/node": "^20.2.3",
        "tsup": "^7.1.0",
        "typescript": "^5.0.2",
        "vite": "^4.3.2",
        "vite-plugin-dts": "^1.0.5",
        "vitest": "^0.33.0"
      }
    },
    "../../packages/receipt-plugin": {
      "name": "@resaleai/receipt-plugin",
      "version": "1.0.0",
      "dependencies": {
        "@resaleai/receipt-ast": "file:../receipt-ast",
        "@resaleai/receipt-renderer": "file:../receipt-renderer"
      },
      "devDependencies": {
        "@types/node": "^20.2.3",
        "tsup": "^7.1.0",
        "typescript": "^5.0.2",
        "vitest": "^0.33.0"
      }
    },
    "../../packages/receipt-plugins": {
      "extraneous": true
    },
    "../../packages/renderers/receipt-html-renderer": {
      "name": "@resaleai/receipt-html-renderer",
      "version": "1.0.0",
      "dependencies": {
        "@resaleai/receipt-ast": "file:../../receipt-ast",
        "@resaleai/receipt-plugin": "file:../../receipt-plugin",
        "@resaleai/receipt-renderer": "file:../../receipt-renderer"
      },
      "devDependencies": {
        "@types/node": "^20.2.3",
        "tsup": "^7.1.0",
        "typescript": "^5.0.2",
        "vitest": "^0.33.0"
      }
    },
    "node_modules/@resaleai/receipt-components": {
      "resolved": "../../packages/receipt-components",
      "link": true
    },
    "node_modules/@resaleai/receipt-html-renderer": {
      "resolved": "../../packages/renderers/receipt-html-renderer",
      "link": true
    },
    "node_modules/@resaleai/receipt-image-node": {
      "resolved": "../../packages/nodes/receipt-image-node",
      "link": true
    },
    "node_modules/@resaleai/receipt-plugin": {
      "resolved": "../../packages/receipt-plugin",
      "link": true
    },
    "node_modules/@types/node": {
      "version": "20.4.5",
      "resolved": "https://registry.npmjs.org/@types/node/-/node-20.4.5.tgz",
      "integrity": "sha512-rt40Nk13II9JwQBdeYqmbn2Q6IVTA5uPhvSO+JVqdXw/6/4glI6oR9ezty/A9Hg5u7JH4OmYmuQ+XvjKm0Datg==",
      "dev": true
    }
  },
  "dependencies": {
    "@resaleai/receipt-components": {
      "version": "file:../../packages/receipt-components",
      "requires": {
        "@resaleai/receipt-ast": "file:../receipt-ast",
        "@resaleai/receipt-escpos-renderer": "file:../renderers/receipt-escpos-renderer",
        "@resaleai/receipt-plugin": "file:../receipt-plugin",
        "@types/node": "^20.2.3",
        "tsup": "^7.1.0",
        "typescript": "^5.0.2",
        "vite": "^4.3.2",
        "vite-plugin-dts": "^1.0.5",
        "vitest": "^0.33.0"
      }
    },
    "@resaleai/receipt-html-renderer": {
      "version": "file:../../packages/renderers/receipt-html-renderer",
      "requires": {
        "@resaleai/receipt-ast": "file:../../receipt-ast",
        "@resaleai/receipt-plugin": "file:../../receipt-plugin",
        "@resaleai/receipt-renderer": "file:../../receipt-renderer",
        "@types/node": "^20.2.3",
        "tsup": "^7.1.0",
        "typescript": "^5.0.2",
        "vitest": "^0.33.0"
      }
    },
    "@resaleai/receipt-image-node": {
      "version": "file:../../packages/nodes/receipt-image-node",
      "requires": {
        "@resaleai/receipt-escpos-renderer": "file:../../renderers/receipt-escpos-renderer",
        "@resaleai/receipt-plugin": "file:../../receipt-plugin",
        "@types/node": "^20.2.3",
        "canvas": "^2.11.2",
        "tsup": "^7.1.0",
        "typescript": "^5.0.2",
        "vitest": "^0.33.0"
      }
    },
    "@resaleai/receipt-plugin": {
      "version": "file:../../packages/receipt-plugin",
      "requires": {
        "@resaleai/receipt-ast": "file:../receipt-ast",
        "@resaleai/receipt-renderer": "file:../receipt-renderer",
        "@types/node": "^20.2.3",
        "tsup": "^7.1.0",
        "typescript": "^5.0.2",
        "vitest": "^0.33.0"
      }
    },
    "@types/node": {
      "version": "20.4.5",
      "resolved": "https://registry.npmjs.org/@types/node/-/node-20.4.5.tgz",
      "integrity": "sha512-rt40Nk13II9JwQBdeYqmbn2Q6IVTA5uPhvSO+JVqdXw/6/4glI6oR9ezty/A9Hg5u7JH4OmYmuQ+XvjKm0Datg==",
      "dev": true
    }
  }
}
