{
  "name": "functions",
  "version": "1.0.0",
  "lockfileVersion": 2,
  "requires": true,
  "packages": {
    "": {
      "name": "functions",
      "version": "1.0.0",
      "license": "ISC",
      "dependencies": {
        "@resaleai/receipt-components": "file:../../packages/receipt-components",
        "@resaleai/receipt-html-renderer": "file:../../packages/renderers/receipt-html-renderer",
        "@resaleai/receipt-image-node": "file:../../packages/nodes/receipt-image-node",
        "@resaleai/receipt-layout": "file:../../packages/nodes/receipt-layout",
        "@resaleai/receipt-plugin": "file:../../packages/receipt-plugin"
      },
      "devDependencies": {
        "@types/node": "^20.4.5"
      }
    },
    "../../packages/nodes/receipt-image-node": {
      "name": "@resaleai/receipt-image-node",
      "version": "1.0.0",
      "dependencies": {
        "@resaleai/receipt-escpos-renderer": "workspace:*",
        "@resaleai/receipt-plugin": "workspace:*",
        "canvas": "^2.11.2"
      },
      "devDependencies": {
        "@types/node": "^20.2.3",
        "tsup": "^7.1.0",
        "typescript": "^5.0.2",
        "vitest": "^0.33.0"
      }
    },
    "../../packages/nodes/receipt-layout": {
      "version": "1.0.0",
      "dependencies": {
        "@resaleai/receipt-ast": "workspace:*",
        "@resaleai/receipt-escpos-renderer": "workspace:*",
        "@resaleai/receipt-plugin": "workspace:*"
      },
      "devDependencies": {
        "@types/node": "^20.2.3",
        "tsup": "^7.1.0",
        "typescript": "^5.0.2",
        "vitest": "^0.33.0"
      }
    },
    "../../packages/receipt-components": {
      "name": "@resaleai/receipt-components",
      "version": "3.1.0",
      "dependencies": {
        "@resaleai/receipt-ast": "workspace:*",
        "@resaleai/receipt-escpos-renderer": "workspace:*",
        "@resaleai/receipt-plugin": "workspace:*"
      },
      "devDependencies": {
        "@resaleai/receipt-renderer": "workspace:*",
        "@types/node": "^20.2.3",
        "@vitest/coverage-v8": "^0.34.1",
        "tsup": "^7.1.0",
        "typescript": "^5.0.2",
        "vite": "^4.3.2",
        "vite-plugin-dts": "^1.0.5",
        "vitest": "^0.33.0"
      }
    },
    "../../packages/receipt-plugin": {
      "name": "@resaleai/receipt-plugin",
      "version": "1.0.0",
      "dependencies": {
        "@resaleai/receipt-ast": "workspace:*",
        "@resaleai/receipt-renderer": "workspace:*"
      },
      "devDependencies": {
        "@types/node": "^20.2.3",
        "tsup": "^7.1.0",
        "typescript": "^5.0.2",
        "vitest": "^0.33.0"
      }
    },
    "../../packages/renderers/receipt-html-renderer": {
      "name": "@resaleai/receipt-html-renderer",
      "version": "1.0.0",
      "dependencies": {
        "@resaleai/receipt-ast": "workspace:*",
        "@resaleai/receipt-plugin": "workspace:*",
        "@resaleai/receipt-renderer": "workspace:*"
      },
      "devDependencies": {
        "@types/node": "^20.2.3",
        "tsup": "^7.1.0",
        "typescript": "^5.0.2",
        "vitest": "^0.33.0"
      }
    },
    "node_modules/@resaleai/receipt-components": {
      "resolved": "../../packages/receipt-components",
      "link": true
    },
    "node_modules/@resaleai/receipt-html-renderer": {
      "resolved": "../../packages/renderers/receipt-html-renderer",
      "link": true
    },
    "node_modules/@resaleai/receipt-image-node": {
      "resolved": "../../packages/nodes/receipt-image-node",
      "link": true
    },
    "node_modules/@resaleai/receipt-layout": {
      "resolved": "../../packages/nodes/receipt-layout",
      "link": true
    },
    "node_modules/@resaleai/receipt-plugin": {
      "resolved": "../../packages/receipt-plugin",
      "link": true
    },
    "node_modules/@types/node": {
      "version": "20.4.10",
      "resolved": "https://registry.npmjs.org/@types/node/-/node-20.4.10.tgz",
      "integrity": "sha512-vwzFiiy8Rn6E0MtA13/Cxxgpan/N6UeNYR9oUu6kuJWxu6zCk98trcDp8CBhbtaeuq9SykCmXkFr2lWLoPcvLg==",
      "dev": true
    }
  },
  "dependencies": {
    "@resaleai/receipt-components": {
      "version": "file:../../packages/receipt-components",
      "requires": {
        "@resaleai/receipt-ast": "workspace:*",
        "@resaleai/receipt-escpos-renderer": "workspace:*",
        "@resaleai/receipt-plugin": "workspace:*",
        "@resaleai/receipt-renderer": "workspace:*",
        "@types/node": "^20.2.3",
        "@vitest/coverage-v8": "^0.34.1",
        "tsup": "^7.1.0",
        "typescript": "^5.0.2",
        "vite": "^4.3.2",
        "vite-plugin-dts": "^1.0.5",
        "vitest": "^0.33.0"
      }
    },
    "@resaleai/receipt-html-renderer": {
      "version": "file:../../packages/renderers/receipt-html-renderer",
      "requires": {
        "@resaleai/receipt-ast": "workspace:*",
        "@resaleai/receipt-plugin": "workspace:*",
        "@resaleai/receipt-renderer": "workspace:*",
        "@types/node": "^20.2.3",
        "tsup": "^7.1.0",
        "typescript": "^5.0.2",
        "vitest": "^0.33.0"
      }
    },
    "@resaleai/receipt-image-node": {
      "version": "file:../../packages/nodes/receipt-image-node",
      "requires": {
        "@resaleai/receipt-escpos-renderer": "workspace:*",
        "@resaleai/receipt-plugin": "workspace:*",
        "@types/node": "^20.2.3",
        "canvas": "^2.11.2",
        "tsup": "^7.1.0",
        "typescript": "^5.0.2",
        "vitest": "^0.33.0"
      }
    },
    "@resaleai/receipt-layout": {
      "version": "file:../../packages/nodes/receipt-layout",
      "requires": {
        "@resaleai/receipt-ast": "workspace:*",
        "@resaleai/receipt-escpos-renderer": "workspace:*",
        "@resaleai/receipt-plugin": "workspace:*",
        "@types/node": "^20.2.3",
        "tsup": "^7.1.0",
        "typescript": "^5.0.2",
        "vitest": "^0.33.0"
      }
    },
    "@resaleai/receipt-plugin": {
      "version": "file:../../packages/receipt-plugin",
      "requires": {
        "@resaleai/receipt-ast": "workspace:*",
        "@resaleai/receipt-renderer": "workspace:*",
        "@types/node": "^20.2.3",
        "tsup": "^7.1.0",
        "typescript": "^5.0.2",
        "vitest": "^0.33.0"
      }
    },
    "@types/node": {
      "version": "20.4.10",
      "resolved": "https://registry.npmjs.org/@types/node/-/node-20.4.10.tgz",
      "integrity": "sha512-vwzFiiy8Rn6E0MtA13/Cxxgpan/N6UeNYR9oUu6kuJWxu6zCk98trcDp8CBhbtaeuq9SykCmXkFr2lWLoPcvLg==",
      "dev": true
    }
  }
}
