{
  "name": "functions",
  "version": "1.0.0",
  "lockfileVersion": 2,
  "requires": true,
  "packages": {
    "": {
      "name": "functions",
      "version": "1.0.0",
      "license": "ISC",
      "dependencies": {
        "@resaleai/receipt-components": "file:../../"
      }
    },
    "../..": {
      "name": "@resaleai/receipt-components",
      "version": "2.0.3",
      "dependencies": {
        "canvas": "^2.11.2",
        "htmlparser2": "^9.0.0"
      },
      "devDependencies": {
        "@types/node": "^20.2.3",
        "typescript": "^5.0.2",
        "vite": "^4.3.2",
        "vite-plugin-dts": "^1.0.5",
        "vitest": "^0.33.0"
      }
    },
    "../../dist": {
      "extraneous": true
    },
    "node_modules/@resaleai/receipt-components": {
      "resolved": "../..",
      "link": true
    }
  },
  "dependencies": {
    "@resaleai/receipt-components": {
      "version": "file:../..",
      "requires": {
        "@types/node": "^20.2.3",
        "canvas": "^2.11.2",
        "htmlparser2": "^9.0.0",
        "typescript": "^5.0.2",
        "vite": "^4.3.2",
        "vite-plugin-dts": "^1.0.5",
        "vitest": "^0.33.0"
      }
    }
  }
}
